<?xml version="1.0" encoding="utf-8"?>
<Project ToolsVersion="4.0" xmlns="http://schemas.microsoft.com/developer/msbuild/2003">
  <ItemGroup>
    <Filter Include="Utility">
      <UniqueIdentifier>{566efee2-cb8b-4094-a396-599ceb7ef8cf}</UniqueIdentifier>
    </Filter>
  </ItemGroup>
  <ItemGroup>
    <ClCompile Include="Utility\RenderDevice.cpp">
      <Filter>Utility</Filter>
    </ClCompile>
    <ClCompile Include="Utility\WinApp.cpp">
      <Filter>Utility</Filter>
    </ClCompile>
    <ClCompile Include="Engine.cpp" />
    <ClCompile Include="Main.cpp" />
  </ItemGroup>
  <ItemGroup>
    <ClInclude Include="Utility\RenderDevice.h">
      <Filter>Utility</Filter>
    </ClInclude>
    <ClInclude Include="Utility\Singleton.h">
      <Filter>Utility</Filter>
    </ClInclude>
    <ClInclude Include="Utility\WinApp.h">
      <Filter>Utility</Filter>
    </ClInclude>
    <ClInclude Include="Engine.h" />
  </ItemGroup>
</Project>